
Microsoft Visual Studio Solution File, Format Version 12.00
# Visual Studio 2013
VisualStudioVersion = 12.0.21005.1
MinimumVisualStudioVersion = 10.0.40219.1
Project("{2150E333-8FDC-42A3-9474-1A3956D46DE8}") = "SharpReport", "SharpReport", "{7596A778-D3F0-468C-A074-8F64BCD3CD13}"
EndProject
Project("{2150E333-8FDC-42A3-9474-1A3956D46DE8}") = "Framework", "Framework", "{E1BED1BD-A61C-4F7F-809C-01A2158D20E7}"
EndProject
Project("{FAE04EC0-301F-11D3-BF4B-00C04F79EFBC}") = "SharpMemberShip", "Framework\SharpMemberShip\SharpMemberShip.csproj", "{F2C16BC4-E8A9-4B56-B096-3A7CE3D1241D}"
EndProject
Project("{FAE04EC0-301F-11D3-BF4B-00C04F79EFBC}") = "Utility", "Framework\SIRC.Framework\Utility.csproj", "{1F434F6D-64FF-4A51-8DF0-9D5C33C74743}"
EndProject
Project("{FAE04EC0-301F-11D3-BF4B-00C04F79EFBC}") = "WebControlLib", "Framework\WebControl\WebControlLib.csproj", "{24BA5A14-2F01-45EF-B9FB-6722D49A6AFA}"
EndProject
Project("{FAE04EC0-301F-11D3-BF4B-00C04F79EFBC}") = "Model", "SharpReport\Model\Model.csproj", "{64D76A22-3D67-49DB-8BFE-AA87079200D4}"
EndProject
Project("{FAE04EC0-301F-11D3-BF4B-00C04F79EFBC}") = "IDAL", "SharpReport\IDAL\IDAL.csproj", "{3DEB7114-E037-46C8-9814-C9C743B699A0}"
EndProject
Project("{FAE04EC0-301F-11D3-BF4B-00C04F79EFBC}") = "SQLServerDAL", "SharpReport\SQLServerDAL\SQLServerDAL.csproj", "{DAB6D664-DDFA-4E31-B992-E6C733BC9FED}"
EndProject
Project("{FAE04EC0-301F-11D3-BF4B-00C04F79EFBC}") = "DALFactory", "SharpReport\DALFactory\DALFactory.csproj", "{2CE2425E-719F-4C3F-9FB0-D2F6247B1C51}"
EndProject
Project("{FAE04EC0-301F-11D3-BF4B-00C04F79EFBC}") = "BLL", "SharpReport\BLL\BLL.csproj", "{698A17F4-38EA-4808-A3F8-8D5CD94F56A9}"
EndProject
Project("{FAE04EC0-301F-11D3-BF4B-00C04F79EFBC}") = "SharpReportWeb", "SharpReport\SharpReportWeb\SharpReportWeb.csproj", "{CA596E12-A48E-4B4A-B93C-23A96147E045}"
EndProject
Global
	GlobalSection(SolutionConfigurationPlatforms) = preSolution
		Debug|Any CPU = Debug|Any CPU
		Release|Any CPU = Release|Any CPU
	EndGlobalSection
	GlobalSection(ProjectConfigurationPlatforms) = postSolution
		{F2C16BC4-E8A9-4B56-B096-3A7CE3D1241D}.Debug|Any CPU.ActiveCfg = Debug|Any CPU
		{F2C16BC4-E8A9-4B56-B096-3A7CE3D1241D}.Debug|Any CPU.Build.0 = Debug|Any CPU
		{F2C16BC4-E8A9-4B56-B096-3A7CE3D1241D}.Release|Any CPU.ActiveCfg = Release|Any CPU
		{F2C16BC4-E8A9-4B56-B096-3A7CE3D1241D}.Release|Any CPU.Build.0 = Release|Any CPU
		{1F434F6D-64FF-4A51-8DF0-9D5C33C74743}.Debug|Any CPU.ActiveCfg = Debug|Any CPU
		{1F434F6D-64FF-4A51-8DF0-9D5C33C74743}.Debug|Any CPU.Build.0 = Debug|Any CPU
		{1F434F6D-64FF-4A51-8DF0-9D5C33C74743}.Release|Any CPU.ActiveCfg = Release|Any CPU
		{1F434F6D-64FF-4A51-8DF0-9D5C33C74743}.Release|Any CPU.Build.0 = Release|Any CPU
		{24BA5A14-2F01-45EF-B9FB-6722D49A6AFA}.Debug|Any CPU.ActiveCfg = Debug|Any CPU
		{24BA5A14-2F01-45EF-B9FB-6722D49A6AFA}.Debug|Any CPU.Build.0 = Debug|Any CPU
		{24BA5A14-2F01-45EF-B9FB-6722D49A6AFA}.Release|Any CPU.ActiveCfg = Release|Any CPU
		{24BA5A14-2F01-45EF-B9FB-6722D49A6AFA}.Release|Any CPU.Build.0 = Release|Any CPU
		{64D76A22-3D67-49DB-8BFE-AA87079200D4}.Debug|Any CPU.ActiveCfg = Debug|Any CPU
		{64D76A22-3D67-49DB-8BFE-AA87079200D4}.Debug|Any CPU.Build.0 = Debug|Any CPU
		{64D76A22-3D67-49DB-8BFE-AA87079200D4}.Release|Any CPU.ActiveCfg = Release|Any CPU
		{64D76A22-3D67-49DB-8BFE-AA87079200D4}.Release|Any CPU.Build.0 = Release|Any CPU
		{3DEB7114-E037-46C8-9814-C9C743B699A0}.Debug|Any CPU.ActiveCfg = Debug|Any CPU
		{3DEB7114-E037-46C8-9814-C9C743B699A0}.Debug|Any CPU.Build.0 = Debug|Any CPU
		{3DEB7114-E037-46C8-9814-C9C743B699A0}.Release|Any CPU.ActiveCfg = Release|Any CPU
		{3DEB7114-E037-46C8-9814-C9C743B699A0}.Release|Any CPU.Build.0 = Release|Any CPU
		{DAB6D664-DDFA-4E31-B992-E6C733BC9FED}.Debug|Any CPU.ActiveCfg = Debug|Any CPU
		{DAB6D664-DDFA-4E31-B992-E6C733BC9FED}.Debug|Any CPU.Build.0 = Debug|Any CPU
		{DAB6D664-DDFA-4E31-B992-E6C733BC9FED}.Release|Any CPU.ActiveCfg = Release|Any CPU
		{DAB6D664-DDFA-4E31-B992-E6C733BC9FED}.Release|Any CPU.Build.0 = Release|Any CPU
		{2CE2425E-719F-4C3F-9FB0-D2F6247B1C51}.Debug|Any CPU.ActiveCfg = Debug|Any CPU
		{2CE2425E-719F-4C3F-9FB0-D2F6247B1C51}.Debug|Any CPU.Build.0 = Debug|Any CPU
		{2CE2425E-719F-4C3F-9FB0-D2F6247B1C51}.Release|Any CPU.ActiveCfg = Release|Any CPU
		{2CE2425E-719F-4C3F-9FB0-D2F6247B1C51}.Release|Any CPU.Build.0 = Release|Any CPU
		{698A17F4-38EA-4808-A3F8-8D5CD94F56A9}.Debug|Any CPU.ActiveCfg = Debug|Any CPU
		{698A17F4-38EA-4808-A3F8-8D5CD94F56A9}.Debug|Any CPU.Build.0 = Debug|Any CPU
		{698A17F4-38EA-4808-A3F8-8D5CD94F56A9}.Release|Any CPU.ActiveCfg = Release|Any CPU
		{698A17F4-38EA-4808-A3F8-8D5CD94F56A9}.Release|Any CPU.Build.0 = Release|Any CPU
		{CA596E12-A48E-4B4A-B93C-23A96147E045}.Debug|Any CPU.ActiveCfg = Debug|Any CPU
		{CA596E12-A48E-4B4A-B93C-23A96147E045}.Debug|Any CPU.Build.0 = Debug|Any CPU
		{CA596E12-A48E-4B4A-B93C-23A96147E045}.Release|Any CPU.ActiveCfg = Release|Any CPU
		{CA596E12-A48E-4B4A-B93C-23A96147E045}.Release|Any CPU.Build.0 = Release|Any CPU
	EndGlobalSection
	GlobalSection(SolutionProperties) = preSolution
		HideSolutionNode = FALSE
	EndGlobalSection
	GlobalSection(NestedProjects) = preSolution
		{64D76A22-3D67-49DB-8BFE-AA87079200D4} = {7596A778-D3F0-468C-A074-8F64BCD3CD13}
		{3DEB7114-E037-46C8-9814-C9C743B699A0} = {7596A778-D3F0-468C-A074-8F64BCD3CD13}
		{DAB6D664-DDFA-4E31-B992-E6C733BC9FED} = {7596A778-D3F0-468C-A074-8F64BCD3CD13}
		{2CE2425E-719F-4C3F-9FB0-D2F6247B1C51} = {7596A778-D3F0-468C-A074-8F64BCD3CD13}
		{698A17F4-38EA-4808-A3F8-8D5CD94F56A9} = {7596A778-D3F0-468C-A074-8F64BCD3CD13}
		{CA596E12-A48E-4B4A-B93C-23A96147E045} = {7596A778-D3F0-468C-A074-8F64BCD3CD13}
		{F2C16BC4-E8A9-4B56-B096-3A7CE3D1241D} = {E1BED1BD-A61C-4F7F-809C-01A2158D20E7}
		{1F434F6D-64FF-4A51-8DF0-9D5C33C74743} = {E1BED1BD-A61C-4F7F-809C-01A2158D20E7}
		{24BA5A14-2F01-45EF-B9FB-6722D49A6AFA} = {E1BED1BD-A61C-4F7F-809C-01A2158D20E7}
	EndGlobalSection
	GlobalSection(SubversionScc) = preSolution
		Svn-Managed = True
		Manager = AnkhSVN - Subversion Support for Visual Studio
	EndGlobalSection
EndGlobal
